
Microsoft Visual Studio Solution File, Format Version 12.00
# Visual Studio Version 17
VisualStudioVersion = 17.8.34330.188
MinimumVisualStudioVersion = 10.0.40219.1
Project("{8BC9CEB8-8B4A-11D0-8D11-00A0C91BC942}") = "CandRuntime", "CandRuntime\CandRuntime.vcxproj", "{CDD7E9DE-8508-4046-BD06-8BE9841AD36F}"
	ProjectSection(ProjectDependencies) = postProject
		{476EDBB3-A00A-4EB7-B658-44187889A966} = {476EDBB3-A00A-4EB7-B658-44187889A966}
		{4AB2F0B0-EC2A-48B6-9CC4-D39509351C44} = {4AB2F0B0-EC2A-48B6-9CC4-D39509351C44}
		{84BFE5C9-86EB-4736-B1A6-1E0C26262A17} = {84BFE5C9-86EB-4736-B1A6-1E0C26262A17}
		{B9321DD7-41E0-4F80-A607-6CEC83BBEDC7} = {B9321DD7-41E0-4F80-A607-6CEC83BBEDC7}
	EndProjectSection
EndProject
Project("{8BC9CEB8-8B4A-11D0-8D11-00A0C91BC942}") = "meta-template-library", "submodules\meta-template-library\meta-template-library.vcxproj", "{84BFE5C9-86EB-4736-B1A6-1E0C26262A17}"
EndProject
Project("{8BC9CEB8-8B4A-11D0-8D11-00A0C91BC942}") = "mini-test", "submodules\mini-test\mini-test.vcxproj", "{4AB2F0B0-EC2A-48B6-9CC4-D39509351C44}"
EndProject
Project("{8BC9CEB8-8B4A-11D0-8D11-00A0C91BC942}") = "cand-lang", "submodules\cand-lang\cand-lang.vcxproj", "{476EDBB3-A00A-4EB7-B658-44187889A966}"
	ProjectSection(ProjectDependencies) = postProject
		{4AB2F0B0-EC2A-48B6-9CC4-D39509351C44} = {4AB2F0B0-EC2A-48B6-9CC4-D39509351C44}
		{84BFE5C9-86EB-4736-B1A6-1E0C26262A17} = {84BFE5C9-86EB-4736-B1A6-1E0C26262A17}
		{B9321DD7-41E0-4F80-A607-6CEC83BBEDC7} = {B9321DD7-41E0-4F80-A607-6CEC83BBEDC7}
	EndProjectSection
EndProject
Project("{8BC9CEB8-8B4A-11D0-8D11-00A0C91BC942}") = "extended-cpp-standard", "submodules\extended-cpp-standard\extended-cpp-standard.vcxproj", "{B9321DD7-41E0-4F80-A607-6CEC83BBEDC7}"
	ProjectSection(ProjectDependencies) = postProject
		{4AB2F0B0-EC2A-48B6-9CC4-D39509351C44} = {4AB2F0B0-EC2A-48B6-9CC4-D39509351C44}
		{84BFE5C9-86EB-4736-B1A6-1E0C26262A17} = {84BFE5C9-86EB-4736-B1A6-1E0C26262A17}
	EndProjectSection
EndProject
Project("{8BC9CEB8-8B4A-11D0-8D11-00A0C91BC942}") = "cail-vm", "submodules\cail-vm\cail-vm.vcxproj", "{05AA65C5-E824-46CA-BF60-8F8C7481582B}"
	ProjectSection(ProjectDependencies) = postProject
		{476EDBB3-A00A-4EB7-B658-44187889A966} = {476EDBB3-A00A-4EB7-B658-44187889A966}
		{4AB2F0B0-EC2A-48B6-9CC4-D39509351C44} = {4AB2F0B0-EC2A-48B6-9CC4-D39509351C44}
		{84BFE5C9-86EB-4736-B1A6-1E0C26262A17} = {84BFE5C9-86EB-4736-B1A6-1E0C26262A17}
		{B9321DD7-41E0-4F80-A607-6CEC83BBEDC7} = {B9321DD7-41E0-4F80-A607-6CEC83BBEDC7}
		{CDD7E9DE-8508-4046-BD06-8BE9841AD36F} = {CDD7E9DE-8508-4046-BD06-8BE9841AD36F}
	EndProjectSection
EndProject
Project("{8BC9CEB8-8B4A-11D0-8D11-00A0C91BC942}") = "ut-extended-cpp-standard", "unit-tests\ut-extended-cpp-standard\ut-extended-cpp-standard.vcxproj", "{D098F632-E7A9-4DBE-B33B-E2930B2020DD}"
	ProjectSection(ProjectDependencies) = postProject
		{84BFE5C9-86EB-4736-B1A6-1E0C26262A17} = {84BFE5C9-86EB-4736-B1A6-1E0C26262A17}
		{B9321DD7-41E0-4F80-A607-6CEC83BBEDC7} = {B9321DD7-41E0-4F80-A607-6CEC83BBEDC7}
	EndProjectSection
EndProject
Project("{8BC9CEB8-8B4A-11D0-8D11-00A0C91BC942}") = "ut-cand-lang", "unit-tests\ut-cand-lang\ut-cand-lang.vcxproj", "{E26331CA-8DEC-4C25-8516-83EEF79600D0}"
EndProject
Project("{8BC9CEB8-8B4A-11D0-8D11-00A0C91BC942}") = "ut-cail-vm", "unit-tests\ut-cail-vm\ut-cail-vm.vcxproj", "{D564E32F-B994-4F34-9F2D-E92E12AEF7B4}"
EndProject
Project("{8BC9CEB8-8B4A-11D0-8D11-00A0C91BC942}") = "cand-compiler", "cand-compiler\cand-compiler.vcxproj", "{28ED336E-5DD2-4751-9936-9A642B9B8C08}"
	ProjectSection(ProjectDependencies) = postProject
		{4AB2F0B0-EC2A-48B6-9CC4-D39509351C44} = {4AB2F0B0-EC2A-48B6-9CC4-D39509351C44}
		{84BFE5C9-86EB-4736-B1A6-1E0C26262A17} = {84BFE5C9-86EB-4736-B1A6-1E0C26262A17}
		{B9321DD7-41E0-4F80-A607-6CEC83BBEDC7} = {B9321DD7-41E0-4F80-A607-6CEC83BBEDC7}
	EndProjectSection
EndProject
Project("{8BC9CEB8-8B4A-11D0-8D11-00A0C91BC942}") = "ut-cand-compiler", "unit-tests\ut-cand-compiler\ut-cand-compiler.vcxproj", "{11310A8F-1907-4FFF-B97E-80B625F9132C}"
EndProject
Project("{8BC9CEB8-8B4A-11D0-8D11-00A0C91BC942}") = "cand-ide", "cand-ide\cand-ide.vcxproj", "{CA484C43-4C76-4249-94E1-D927D8BAB798}"
	ProjectSection(ProjectDependencies) = postProject
		{05AA65C5-E824-46CA-BF60-8F8C7481582B} = {05AA65C5-E824-46CA-BF60-8F8C7481582B}
		{0DFD6C00-68EB-4A58-8902-6FFA7884A606} = {0DFD6C00-68EB-4A58-8902-6FFA7884A606}
		{11310A8F-1907-4FFF-B97E-80B625F9132C} = {11310A8F-1907-4FFF-B97E-80B625F9132C}
		{28ED336E-5DD2-4751-9936-9A642B9B8C08} = {28ED336E-5DD2-4751-9936-9A642B9B8C08}
		{476EDBB3-A00A-4EB7-B658-44187889A966} = {476EDBB3-A00A-4EB7-B658-44187889A966}
		{4AB2F0B0-EC2A-48B6-9CC4-D39509351C44} = {4AB2F0B0-EC2A-48B6-9CC4-D39509351C44}
		{84BFE5C9-86EB-4736-B1A6-1E0C26262A17} = {84BFE5C9-86EB-4736-B1A6-1E0C26262A17}
		{B9321DD7-41E0-4F80-A607-6CEC83BBEDC7} = {B9321DD7-41E0-4F80-A607-6CEC83BBEDC7}
		{D098F632-E7A9-4DBE-B33B-E2930B2020DD} = {D098F632-E7A9-4DBE-B33B-E2930B2020DD}
		{D564E32F-B994-4F34-9F2D-E92E12AEF7B4} = {D564E32F-B994-4F34-9F2D-E92E12AEF7B4}
		{E26331CA-8DEC-4C25-8516-83EEF79600D0} = {E26331CA-8DEC-4C25-8516-83EEF79600D0}
	EndProjectSection
EndProject
Project("{8BC9CEB8-8B4A-11D0-8D11-00A0C91BC942}") = "ut-cand-ide", "ut-cand-ide\ut-cand-ide.vcxproj", "{0DFD6C00-68EB-4A58-8902-6FFA7884A606}"
EndProject
Global
	GlobalSection(SolutionConfigurationPlatforms) = preSolution
		Debug|x64 = Debug|x64
		Debug|x86 = Debug|x86
		Release|x64 = Release|x64
		Release|x86 = Release|x86
	EndGlobalSection
	GlobalSection(ProjectConfigurationPlatforms) = postSolution
		{CDD7E9DE-8508-4046-BD06-8BE9841AD36F}.Debug|x64.ActiveCfg = Debug|x64
		{CDD7E9DE-8508-4046-BD06-8BE9841AD36F}.Debug|x64.Build.0 = Debug|x64
		{CDD7E9DE-8508-4046-BD06-8BE9841AD36F}.Debug|x86.ActiveCfg = Debug|Win32
		{CDD7E9DE-8508-4046-BD06-8BE9841AD36F}.Debug|x86.Build.0 = Debug|Win32
		{CDD7E9DE-8508-4046-BD06-8BE9841AD36F}.Release|x64.ActiveCfg = Release|x64
		{CDD7E9DE-8508-4046-BD06-8BE9841AD36F}.Release|x64.Build.0 = Release|x64
		{CDD7E9DE-8508-4046-BD06-8BE9841AD36F}.Release|x86.ActiveCfg = Release|Win32
		{CDD7E9DE-8508-4046-BD06-8BE9841AD36F}.Release|x86.Build.0 = Release|Win32
		{84BFE5C9-86EB-4736-B1A6-1E0C26262A17}.Debug|x64.ActiveCfg = Debug|x64
		{84BFE5C9-86EB-4736-B1A6-1E0C26262A17}.Debug|x64.Build.0 = Debug|x64
		{84BFE5C9-86EB-4736-B1A6-1E0C26262A17}.Debug|x86.ActiveCfg = Debug|Win32
		{84BFE5C9-86EB-4736-B1A6-1E0C26262A17}.Debug|x86.Build.0 = Debug|Win32
		{84BFE5C9-86EB-4736-B1A6-1E0C26262A17}.Release|x64.ActiveCfg = Release|x64
		{84BFE5C9-86EB-4736-B1A6-1E0C26262A17}.Release|x64.Build.0 = Release|x64
		{84BFE5C9-86EB-4736-B1A6-1E0C26262A17}.Release|x86.ActiveCfg = Release|Win32
		{84BFE5C9-86EB-4736-B1A6-1E0C26262A17}.Release|x86.Build.0 = Release|Win32
		{4AB2F0B0-EC2A-48B6-9CC4-D39509351C44}.Debug|x64.ActiveCfg = Debug|x64
		{4AB2F0B0-EC2A-48B6-9CC4-D39509351C44}.Debug|x64.Build.0 = Debug|x64
		{4AB2F0B0-EC2A-48B6-9CC4-D39509351C44}.Debug|x86.ActiveCfg = Debug|Win32
		{4AB2F0B0-EC2A-48B6-9CC4-D39509351C44}.Debug|x86.Build.0 = Debug|Win32
		{4AB2F0B0-EC2A-48B6-9CC4-D39509351C44}.Release|x64.ActiveCfg = Release|x64
		{4AB2F0B0-EC2A-48B6-9CC4-D39509351C44}.Release|x64.Build.0 = Release|x64
		{4AB2F0B0-EC2A-48B6-9CC4-D39509351C44}.Release|x86.ActiveCfg = Release|Win32
		{4AB2F0B0-EC2A-48B6-9CC4-D39509351C44}.Release|x86.Build.0 = Release|Win32
		{476EDBB3-A00A-4EB7-B658-44187889A966}.Debug|x64.ActiveCfg = Debug|x64
		{476EDBB3-A00A-4EB7-B658-44187889A966}.Debug|x64.Build.0 = Debug|x64
		{476EDBB3-A00A-4EB7-B658-44187889A966}.Debug|x86.ActiveCfg = Debug|Win32
		{476EDBB3-A00A-4EB7-B658-44187889A966}.Debug|x86.Build.0 = Debug|Win32
		{476EDBB3-A00A-4EB7-B658-44187889A966}.Release|x64.ActiveCfg = Release|x64
		{476EDBB3-A00A-4EB7-B658-44187889A966}.Release|x64.Build.0 = Release|x64
		{476EDBB3-A00A-4EB7-B658-44187889A966}.Release|x86.ActiveCfg = Release|Win32
		{476EDBB3-A00A-4EB7-B658-44187889A966}.Release|x86.Build.0 = Release|Win32
		{B9321DD7-41E0-4F80-A607-6CEC83BBEDC7}.Debug|x64.ActiveCfg = Debug|x64
		{B9321DD7-41E0-4F80-A607-6CEC83BBEDC7}.Debug|x64.Build.0 = Debug|x64
		{B9321DD7-41E0-4F80-A607-6CEC83BBEDC7}.Debug|x86.ActiveCfg = Debug|Win32
		{B9321DD7-41E0-4F80-A607-6CEC83BBEDC7}.Debug|x86.Build.0 = Debug|Win32
		{B9321DD7-41E0-4F80-A607-6CEC83BBEDC7}.Release|x64.ActiveCfg = Release|x64
		{B9321DD7-41E0-4F80-A607-6CEC83BBEDC7}.Release|x64.Build.0 = Release|x64
		{B9321DD7-41E0-4F80-A607-6CEC83BBEDC7}.Release|x86.ActiveCfg = Release|Win32
		{B9321DD7-41E0-4F80-A607-6CEC83BBEDC7}.Release|x86.Build.0 = Release|Win32
		{05AA65C5-E824-46CA-BF60-8F8C7481582B}.Debug|x64.ActiveCfg = Debug|x64
		{05AA65C5-E824-46CA-BF60-8F8C7481582B}.Debug|x64.Build.0 = Debug|x64
		{05AA65C5-E824-46CA-BF60-8F8C7481582B}.Debug|x86.ActiveCfg = Debug|Win32
		{05AA65C5-E824-46CA-BF60-8F8C7481582B}.Debug|x86.Build.0 = Debug|Win32
		{05AA65C5-E824-46CA-BF60-8F8C7481582B}.Release|x64.ActiveCfg = Release|x64
		{05AA65C5-E824-46CA-BF60-8F8C7481582B}.Release|x64.Build.0 = Release|x64
		{05AA65C5-E824-46CA-BF60-8F8C7481582B}.Release|x86.ActiveCfg = Release|Win32
		{05AA65C5-E824-46CA-BF60-8F8C7481582B}.Release|x86.Build.0 = Release|Win32
		{D098F632-E7A9-4DBE-B33B-E2930B2020DD}.Debug|x64.ActiveCfg = Debug|x64
		{D098F632-E7A9-4DBE-B33B-E2930B2020DD}.Debug|x64.Build.0 = Debug|x64
		{D098F632-E7A9-4DBE-B33B-E2930B2020DD}.Debug|x86.ActiveCfg = Debug|Win32
		{D098F632-E7A9-4DBE-B33B-E2930B2020DD}.Debug|x86.Build.0 = Debug|Win32
		{D098F632-E7A9-4DBE-B33B-E2930B2020DD}.Release|x64.ActiveCfg = Release|x64
		{D098F632-E7A9-4DBE-B33B-E2930B2020DD}.Release|x64.Build.0 = Release|x64
		{D098F632-E7A9-4DBE-B33B-E2930B2020DD}.Release|x86.ActiveCfg = Release|Win32
		{D098F632-E7A9-4DBE-B33B-E2930B2020DD}.Release|x86.Build.0 = Release|Win32
		{E26331CA-8DEC-4C25-8516-83EEF79600D0}.Debug|x64.ActiveCfg = Debug|x64
		{E26331CA-8DEC-4C25-8516-83EEF79600D0}.Debug|x64.Build.0 = Debug|x64
		{E26331CA-8DEC-4C25-8516-83EEF79600D0}.Debug|x86.ActiveCfg = Debug|Win32
		{E26331CA-8DEC-4C25-8516-83EEF79600D0}.Debug|x86.Build.0 = Debug|Win32
		{E26331CA-8DEC-4C25-8516-83EEF79600D0}.Release|x64.ActiveCfg = Release|x64
		{E26331CA-8DEC-4C25-8516-83EEF79600D0}.Release|x64.Build.0 = Release|x64
		{E26331CA-8DEC-4C25-8516-83EEF79600D0}.Release|x86.ActiveCfg = Release|Win32
		{E26331CA-8DEC-4C25-8516-83EEF79600D0}.Release|x86.Build.0 = Release|Win32
		{D564E32F-B994-4F34-9F2D-E92E12AEF7B4}.Debug|x64.ActiveCfg = Debug|x64
		{D564E32F-B994-4F34-9F2D-E92E12AEF7B4}.Debug|x64.Build.0 = Debug|x64
		{D564E32F-B994-4F34-9F2D-E92E12AEF7B4}.Debug|x86.ActiveCfg = Debug|Win32
		{D564E32F-B994-4F34-9F2D-E92E12AEF7B4}.Debug|x86.Build.0 = Debug|Win32
		{D564E32F-B994-4F34-9F2D-E92E12AEF7B4}.Release|x64.ActiveCfg = Release|x64
		{D564E32F-B994-4F34-9F2D-E92E12AEF7B4}.Release|x64.Build.0 = Release|x64
		{D564E32F-B994-4F34-9F2D-E92E12AEF7B4}.Release|x86.ActiveCfg = Release|Win32
		{D564E32F-B994-4F34-9F2D-E92E12AEF7B4}.Release|x86.Build.0 = Release|Win32
		{28ED336E-5DD2-4751-9936-9A642B9B8C08}.Debug|x64.ActiveCfg = Debug|x64
		{28ED336E-5DD2-4751-9936-9A642B9B8C08}.Debug|x64.Build.0 = Debug|x64
		{28ED336E-5DD2-4751-9936-9A642B9B8C08}.Debug|x86.ActiveCfg = Debug|Win32
		{28ED336E-5DD2-4751-9936-9A642B9B8C08}.Debug|x86.Build.0 = Debug|Win32
		{28ED336E-5DD2-4751-9936-9A642B9B8C08}.Release|x64.ActiveCfg = Release|x64
		{28ED336E-5DD2-4751-9936-9A642B9B8C08}.Release|x64.Build.0 = Release|x64
		{28ED336E-5DD2-4751-9936-9A642B9B8C08}.Release|x86.ActiveCfg = Release|Win32
		{28ED336E-5DD2-4751-9936-9A642B9B8C08}.Release|x86.Build.0 = Release|Win32
		{11310A8F-1907-4FFF-B97E-80B625F9132C}.Debug|x64.ActiveCfg = Debug|x64
		{11310A8F-1907-4FFF-B97E-80B625F9132C}.Debug|x64.Build.0 = Debug|x64
		{11310A8F-1907-4FFF-B97E-80B625F9132C}.Debug|x86.ActiveCfg = Debug|Win32
		{11310A8F-1907-4FFF-B97E-80B625F9132C}.Debug|x86.Build.0 = Debug|Win32
		{11310A8F-1907-4FFF-B97E-80B625F9132C}.Release|x64.ActiveCfg = Release|x64
		{11310A8F-1907-4FFF-B97E-80B625F9132C}.Release|x64.Build.0 = Release|x64
		{11310A8F-1907-4FFF-B97E-80B625F9132C}.Release|x86.ActiveCfg = Release|Win32
		{11310A8F-1907-4FFF-B97E-80B625F9132C}.Release|x86.Build.0 = Release|Win32
		{CA484C43-4C76-4249-94E1-D927D8BAB798}.Debug|x64.ActiveCfg = Debug|x64
		{CA484C43-4C76-4249-94E1-D927D8BAB798}.Debug|x64.Build.0 = Debug|x64
		{CA484C43-4C76-4249-94E1-D927D8BAB798}.Debug|x86.ActiveCfg = Debug|Win32
		{CA484C43-4C76-4249-94E1-D927D8BAB798}.Debug|x86.Build.0 = Debug|Win32
		{CA484C43-4C76-4249-94E1-D927D8BAB798}.Release|x64.ActiveCfg = Release|x64
		{CA484C43-4C76-4249-94E1-D927D8BAB798}.Release|x64.Build.0 = Release|x64
		{CA484C43-4C76-4249-94E1-D927D8BAB798}.Release|x86.ActiveCfg = Release|Win32
		{CA484C43-4C76-4249-94E1-D927D8BAB798}.Release|x86.Build.0 = Release|Win32
		{0DFD6C00-68EB-4A58-8902-6FFA7884A606}.Debug|x64.ActiveCfg = Debug|x64
		{0DFD6C00-68EB-4A58-8902-6FFA7884A606}.Debug|x64.Build.0 = Debug|x64
		{0DFD6C00-68EB-4A58-8902-6FFA7884A606}.Debug|x86.ActiveCfg = Debug|Win32
		{0DFD6C00-68EB-4A58-8902-6FFA7884A606}.Debug|x86.Build.0 = Debug|Win32
		{0DFD6C00-68EB-4A58-8902-6FFA7884A606}.Release|x64.ActiveCfg = Release|x64
		{0DFD6C00-68EB-4A58-8902-6FFA7884A606}.Release|x64.Build.0 = Release|x64
		{0DFD6C00-68EB-4A58-8902-6FFA7884A606}.Release|x86.ActiveCfg = Release|Win32
		{0DFD6C00-68EB-4A58-8902-6FFA7884A606}.Release|x86.Build.0 = Release|Win32
	EndGlobalSection
	GlobalSection(SolutionProperties) = preSolution
		HideSolutionNode = FALSE
	EndGlobalSection
	GlobalSection(ExtensibilityGlobals) = postSolution
		SolutionGuid = {C619BE15-BD93-4F96-A1E5-3A3E3C3AF11E}
	EndGlobalSection
EndGlobal
