<?xml version="1.0" encoding="utf-8"?>
<Project ToolsVersion="4.0" xmlns="http://schemas.microsoft.com/developer/msbuild/2003">
  <ItemGroup>
    <ClInclude Include="ut_caoco_token_scope.h" />
    <ClInclude Include="ut_caoco_lexer.h" />
    <ClInclude Include="ut_caoco_parser_basic.h" />
    <ClInclude Include="ut_cand_compiler.h" />
    <ClInclude Include="ut_caoco_build.h" />
  </ItemGroup>
  <ItemGroup>
    <ClCompile Include="ignore_this.cpp" />
  </ItemGroup>
</Project>