<?xml version="1.0" encoding="utf-8"?>
<Project ToolsVersion="4.0" xmlns="http://schemas.microsoft.com/developer/msbuild/2003">
  <ItemGroup>
    <ClCompile Include="cand-ide-main.cpp" />
    <ClCompile Include="ext_gfx_lib\imgui.cpp">
      <Filter>ext_gfx_lib</Filter>
    </ClCompile>
    <ClCompile Include="ext_gfx_lib\imgui_demo.cpp">
      <Filter>ext_gfx_lib</Filter>
    </ClCompile>
    <ClCompile Include="ext_gfx_lib\imgui_draw.cpp">
      <Filter>ext_gfx_lib</Filter>
    </ClCompile>
    <ClCompile Include="ext_gfx_lib\imgui_tables.cpp">
      <Filter>ext_gfx_lib</Filter>
    </ClCompile>
    <ClCompile Include="ext_gfx_lib\imgui_widgets.cpp">
      <Filter>ext_gfx_lib</Filter>
    </ClCompile>
    <ClCompile Include="ext_gfx_lib\imgui-SFML.cpp">
      <Filter>ext_gfx_lib</Filter>
    </ClCompile>
    <ClCompile Include="ext_gfx_lib\imgui_stdlib.cpp">
      <Filter>ext_gfx_lib</Filter>
    </ClCompile>
  </ItemGroup>
  <ItemGroup>
    <Filter Include="ext_gfx_lib">
      <UniqueIdentifier>{5c736cf1-267c-4468-b424-d8d615e7ba89}</UniqueIdentifier>
    </Filter>
  </ItemGroup>
  <ItemGroup>
    <ClInclude Include="imgui_interface.h" />
    <ClInclude Include="ext_gfx_lib\imgui_stdlib.h">
      <Filter>ext_gfx_lib</Filter>
    </ClInclude>
  </ItemGroup>
</Project>