<?xml version="1.0" encoding="utf-8"?>
<Project ToolsVersion="4.0" xmlns="http://schemas.microsoft.com/developer/msbuild/2003">
  <ItemGroup>
    <ClInclude Include="scrapbook.h" />
    <ClInclude Include="caoco_rtval.h" />
    <ClInclude Include="caoco_ir.h" />
    <ClInclude Include="caoco_rtalloc.h" />
    <ClInclude Include="caoco_executor.h" />
    <ClInclude Include="caoco_program.h" />
    <ClInclude Include="caoco_runtime.h" />
    <ClInclude Include="caoco_irgen.h" />
    <ClInclude Include="caoco_grammar.h">
      <Filter>build</Filter>
    </ClInclude>
    <ClInclude Include="caoco_ast.h">
      <Filter>build</Filter>
    </ClInclude>
    <ClInclude Include="caoco_compiler_error.h">
      <Filter>build</Filter>
    </ClInclude>
    <ClInclude Include="caoco_token.h">
      <Filter>build</Filter>
    </ClInclude>
    <ClInclude Include="caoco_token_cursor.h">
      <Filter>build</Filter>
    </ClInclude>
    <ClInclude Include="caoco_token_scope.h">
      <Filter>build</Filter>
    </ClInclude>
    <ClInclude Include="caoco_token_closure.h">
      <Filter>build</Filter>
    </ClInclude>
    <ClInclude Include="caoco_lexer.h">
      <Filter>build</Filter>
    </ClInclude>
    <ClInclude Include="caoco_parser.h">
      <Filter>build</Filter>
    </ClInclude>
    <ClInclude Include="caoco_char_traits.h">
      <Filter>build</Filter>
    </ClInclude>
    <ClInclude Include="caoco_build.h">
      <Filter>build</Filter>
    </ClInclude>
    <ClInclude Include="caoco_transpiler.h" />
    <ClInclude Include="caoco_ceval.h" />
    <ClInclude Include="caoco_cppcodegen.h">
      <Filter>build</Filter>
    </ClInclude>
    <ClInclude Include="caoco_lexerv2.h">
      <Filter>build</Filter>
    </ClInclude>
  </ItemGroup>
  <ItemGroup>
    <Filter Include="build">
      <UniqueIdentifier>{ccfbf186-5bfc-4d6e-8a86-5ed8777ed1cc}</UniqueIdentifier>
    </Filter>
  </ItemGroup>
  <ItemGroup>
    <None Include="cpp.hint" />
  </ItemGroup>
</Project>